
Microsoft Visual Studio Solution File, Format Version 12.00
# Visual Studio Version 16
VisualStudioVersion = 16.0.31105.61
MinimumVisualStudioVersion = 10.0.40219.1
Project("{2150E333-8FDC-42A3-9474-1A3956D46DE8}") = "Doc", "Doc", "{8A9DE05A-9904-41AD-98A6-5DBD2ADCBB8E}"
EndProject
Project("{2150E333-8FDC-42A3-9474-1A3956D46DE8}") = "Src", "Src", "{BA147DB7-8F1F-4D76-894A-3CB2C4014DD8}"
EndProject
Project("{2150E333-8FDC-42A3-9474-1A3956D46DE8}") = "Test", "Test", "{98310E51-FB19-4C25-B908-44EFBDD1AAE5}"
EndProject
Project("{2150E333-8FDC-42A3-9474-1A3956D46DE8}") = "Common", "Common", "{58DF4B58-D710-4130-BE45-D5585255B209}"
EndProject
Project("{2150E333-8FDC-42A3-9474-1A3956D46DE8}") = "Core", "Core", "{4E67993E-E7AF-4853-9DA6-9B33ADEC9B04}"
EndProject
Project("{2150E333-8FDC-42A3-9474-1A3956D46DE8}") = "Presentation", "Presentation", "{D1BDE698-75DB-4F9E-AA90-0B157FB77959}"
EndProject
Project("{2150E333-8FDC-42A3-9474-1A3956D46DE8}") = "Infrastructure", "Infrastructure", "{437D2DF3-CA3E-4CDD-91FB-175C44032649}"
EndProject
Project("{FAE04EC0-301F-11D3-BF4B-00C04F79EFBC}") = "Common", "Common\Common.csproj", "{FBB49AF0-5907-429B-AE5F-A7D8ED991D36}"
EndProject
Project("{FAE04EC0-301F-11D3-BF4B-00C04F79EFBC}") = "Application", "Application\Application.csproj", "{E647F7C1-C9B3-4DAB-978D-D7CD2370FC50}"
EndProject
Project("{FAE04EC0-301F-11D3-BF4B-00C04F79EFBC}") = "Domain", "Domain\Domain.csproj", "{50A30A7A-77F7-43B1-BF27-24706F4A246B}"
EndProject
Project("{FAE04EC0-301F-11D3-BF4B-00C04F79EFBC}") = "Infrastructure", "Infrastructure\Infrastructure.csproj", "{6D73607E-2A08-48F6-BEB5-FC1DE46BD4D2}"
EndProject
Project("{FAE04EC0-301F-11D3-BF4B-00C04F79EFBC}") = "Persistence", "Persistence\Persistence.csproj", "{8736A2E8-F9F4-47BD-8E4E-EADFBBEBFB63}"
EndProject
Project("{FAE04EC0-301F-11D3-BF4B-00C04F79EFBC}") = "EndPoint.WebSite", "EndPoint.WebSite\EndPoint.WebSite.csproj", "{643D3BFD-4C73-4711-BB81-D89DEFF26DF7}"
EndProject
Project("{FAE04EC0-301F-11D3-BF4B-00C04F79EFBC}") = "EndPoint.Admin", "EndPoint.Admin\EndPoint.Admin.csproj", "{D6448AD5-36E7-4A6A-9DCF-2C2918D1A736}"
EndProject
Project("{FAE04EC0-301F-11D3-BF4B-00C04F79EFBC}") = "EndPoint.Owner", "EndPoint.Owner\EndPoint.Owner.csproj", "{E150AF25-91FB-4A0A-974F-4A683AA4E0F6}"
EndProject
Project("{FAE04EC0-301F-11D3-BF4B-00C04F79EFBC}") = "EndPoint.User", "EndPoint.User\EndPoint.User.csproj", "{324F5245-5794-4CD5-8114-92E4C1CE4FFA}"
EndProject
Project("{2150E333-8FDC-42A3-9474-1A3956D46DE8}") = "Solution Items", "Solution Items", "{7F7FBD2A-CD75-409E-90F3-C271EC248BD6}"
EndProject
Global
	GlobalSection(SolutionConfigurationPlatforms) = preSolution
		Debug|Any CPU = Debug|Any CPU
		Release|Any CPU = Release|Any CPU
	EndGlobalSection
	GlobalSection(ProjectConfigurationPlatforms) = postSolution
		{FBB49AF0-5907-429B-AE5F-A7D8ED991D36}.Debug|Any CPU.ActiveCfg = Debug|Any CPU
		{FBB49AF0-5907-429B-AE5F-A7D8ED991D36}.Debug|Any CPU.Build.0 = Debug|Any CPU
		{FBB49AF0-5907-429B-AE5F-A7D8ED991D36}.Release|Any CPU.ActiveCfg = Release|Any CPU
		{FBB49AF0-5907-429B-AE5F-A7D8ED991D36}.Release|Any CPU.Build.0 = Release|Any CPU
		{E647F7C1-C9B3-4DAB-978D-D7CD2370FC50}.Debug|Any CPU.ActiveCfg = Debug|Any CPU
		{E647F7C1-C9B3-4DAB-978D-D7CD2370FC50}.Debug|Any CPU.Build.0 = Debug|Any CPU
		{E647F7C1-C9B3-4DAB-978D-D7CD2370FC50}.Release|Any CPU.ActiveCfg = Release|Any CPU
		{E647F7C1-C9B3-4DAB-978D-D7CD2370FC50}.Release|Any CPU.Build.0 = Release|Any CPU
		{50A30A7A-77F7-43B1-BF27-24706F4A246B}.Debug|Any CPU.ActiveCfg = Debug|Any CPU
		{50A30A7A-77F7-43B1-BF27-24706F4A246B}.Debug|Any CPU.Build.0 = Debug|Any CPU
		{50A30A7A-77F7-43B1-BF27-24706F4A246B}.Release|Any CPU.ActiveCfg = Release|Any CPU
		{50A30A7A-77F7-43B1-BF27-24706F4A246B}.Release|Any CPU.Build.0 = Release|Any CPU
		{6D73607E-2A08-48F6-BEB5-FC1DE46BD4D2}.Debug|Any CPU.ActiveCfg = Debug|Any CPU
		{6D73607E-2A08-48F6-BEB5-FC1DE46BD4D2}.Debug|Any CPU.Build.0 = Debug|Any CPU
		{6D73607E-2A08-48F6-BEB5-FC1DE46BD4D2}.Release|Any CPU.ActiveCfg = Release|Any CPU
		{6D73607E-2A08-48F6-BEB5-FC1DE46BD4D2}.Release|Any CPU.Build.0 = Release|Any CPU
		{8736A2E8-F9F4-47BD-8E4E-EADFBBEBFB63}.Debug|Any CPU.ActiveCfg = Debug|Any CPU
		{8736A2E8-F9F4-47BD-8E4E-EADFBBEBFB63}.Debug|Any CPU.Build.0 = Debug|Any CPU
		{8736A2E8-F9F4-47BD-8E4E-EADFBBEBFB63}.Release|Any CPU.ActiveCfg = Release|Any CPU
		{8736A2E8-F9F4-47BD-8E4E-EADFBBEBFB63}.Release|Any CPU.Build.0 = Release|Any CPU
		{643D3BFD-4C73-4711-BB81-D89DEFF26DF7}.Debug|Any CPU.ActiveCfg = Debug|Any CPU
		{643D3BFD-4C73-4711-BB81-D89DEFF26DF7}.Debug|Any CPU.Build.0 = Debug|Any CPU
		{643D3BFD-4C73-4711-BB81-D89DEFF26DF7}.Release|Any CPU.ActiveCfg = Release|Any CPU
		{643D3BFD-4C73-4711-BB81-D89DEFF26DF7}.Release|Any CPU.Build.0 = Release|Any CPU
		{D6448AD5-36E7-4A6A-9DCF-2C2918D1A736}.Debug|Any CPU.ActiveCfg = Debug|Any CPU
		{D6448AD5-36E7-4A6A-9DCF-2C2918D1A736}.Debug|Any CPU.Build.0 = Debug|Any CPU
		{D6448AD5-36E7-4A6A-9DCF-2C2918D1A736}.Release|Any CPU.ActiveCfg = Release|Any CPU
		{D6448AD5-36E7-4A6A-9DCF-2C2918D1A736}.Release|Any CPU.Build.0 = Release|Any CPU
		{E150AF25-91FB-4A0A-974F-4A683AA4E0F6}.Debug|Any CPU.ActiveCfg = Debug|Any CPU
		{E150AF25-91FB-4A0A-974F-4A683AA4E0F6}.Debug|Any CPU.Build.0 = Debug|Any CPU
		{E150AF25-91FB-4A0A-974F-4A683AA4E0F6}.Release|Any CPU.ActiveCfg = Release|Any CPU
		{E150AF25-91FB-4A0A-974F-4A683AA4E0F6}.Release|Any CPU.Build.0 = Release|Any CPU
		{324F5245-5794-4CD5-8114-92E4C1CE4FFA}.Debug|Any CPU.ActiveCfg = Debug|Any CPU
		{324F5245-5794-4CD5-8114-92E4C1CE4FFA}.Debug|Any CPU.Build.0 = Debug|Any CPU
		{324F5245-5794-4CD5-8114-92E4C1CE4FFA}.Release|Any CPU.ActiveCfg = Release|Any CPU
		{324F5245-5794-4CD5-8114-92E4C1CE4FFA}.Release|Any CPU.Build.0 = Release|Any CPU
	EndGlobalSection
	GlobalSection(SolutionProperties) = preSolution
		HideSolutionNode = FALSE
	EndGlobalSection
	GlobalSection(NestedProjects) = preSolution
		{58DF4B58-D710-4130-BE45-D5585255B209} = {BA147DB7-8F1F-4D76-894A-3CB2C4014DD8}
		{4E67993E-E7AF-4853-9DA6-9B33ADEC9B04} = {BA147DB7-8F1F-4D76-894A-3CB2C4014DD8}
		{D1BDE698-75DB-4F9E-AA90-0B157FB77959} = {BA147DB7-8F1F-4D76-894A-3CB2C4014DD8}
		{437D2DF3-CA3E-4CDD-91FB-175C44032649} = {BA147DB7-8F1F-4D76-894A-3CB2C4014DD8}
		{FBB49AF0-5907-429B-AE5F-A7D8ED991D36} = {58DF4B58-D710-4130-BE45-D5585255B209}
		{E647F7C1-C9B3-4DAB-978D-D7CD2370FC50} = {4E67993E-E7AF-4853-9DA6-9B33ADEC9B04}
		{50A30A7A-77F7-43B1-BF27-24706F4A246B} = {4E67993E-E7AF-4853-9DA6-9B33ADEC9B04}
		{6D73607E-2A08-48F6-BEB5-FC1DE46BD4D2} = {437D2DF3-CA3E-4CDD-91FB-175C44032649}
		{8736A2E8-F9F4-47BD-8E4E-EADFBBEBFB63} = {437D2DF3-CA3E-4CDD-91FB-175C44032649}
		{643D3BFD-4C73-4711-BB81-D89DEFF26DF7} = {D1BDE698-75DB-4F9E-AA90-0B157FB77959}
		{D6448AD5-36E7-4A6A-9DCF-2C2918D1A736} = {D1BDE698-75DB-4F9E-AA90-0B157FB77959}
		{E150AF25-91FB-4A0A-974F-4A683AA4E0F6} = {D1BDE698-75DB-4F9E-AA90-0B157FB77959}
		{324F5245-5794-4CD5-8114-92E4C1CE4FFA} = {D1BDE698-75DB-4F9E-AA90-0B157FB77959}
	EndGlobalSection
	GlobalSection(ExtensibilityGlobals) = postSolution
		SolutionGuid = {C14957A0-A65C-43C7-B392-C98ECD0684DA}
	EndGlobalSection
EndGlobal
