
Microsoft Visual Studio Solution File, Format Version 12.00
# Visual Studio Version 16
VisualStudioVersion = 16.0.30711.63
MinimumVisualStudioVersion = 10.0.40219.1
Project("{2150E333-8FDC-42A3-9474-1A3956D46DE8}") = "Doc", "Doc", "{68FE76E1-AFD5-4D73-A91C-949985DBD296}"
EndProject
Project("{2150E333-8FDC-42A3-9474-1A3956D46DE8}") = "Src", "Src", "{66C7C437-FDCA-4A96-A594-1524B7A74347}"
EndProject
Project("{2150E333-8FDC-42A3-9474-1A3956D46DE8}") = "Test", "Test", "{CD9B33DF-4927-453B-AB74-6905977272D5}"
EndProject
Project("{2150E333-8FDC-42A3-9474-1A3956D46DE8}") = "Infrastructure", "Infrastructure", "{F569F611-55E5-447C-B69D-543F226C5D5F}"
EndProject
Project("{2150E333-8FDC-42A3-9474-1A3956D46DE8}") = "Common", "Common", "{5DD346D2-A979-4967-B677-C6CD0F6B766F}"
EndProject
Project("{2150E333-8FDC-42A3-9474-1A3956D46DE8}") = "Core", "Core", "{694A7FCD-94F2-4CC7-9B59-C32C4B304842}"
EndProject
Project("{2150E333-8FDC-42A3-9474-1A3956D46DE8}") = "Presentation", "Presentation", "{3534F289-C6A7-4844-8571-BB3C23086666}"
EndProject
Project("{9A19103F-16F7-4668-BE54-9A1E7A4F7556}") = "ParsaPoolad.Common", "ParsaPoolad.Common\ParsaPoolad.Common.csproj", "{46E41E5D-B4BE-436B-914B-60F543B3E3A2}"
EndProject
Project("{9A19103F-16F7-4668-BE54-9A1E7A4F7556}") = "ParsaPoolad.Domain", "ParsaPoolad.Domain\ParsaPoolad.Domain.csproj", "{40B29D96-0BDD-4145-A212-E7B98C1B0DB0}"
EndProject
Project("{9A19103F-16F7-4668-BE54-9A1E7A4F7556}") = "ParsaPoolad.Application", "ParsaPoolad.Application\ParsaPoolad.Application.csproj", "{23D77CEC-3214-4D41-BDA8-17A0DFD92769}"
EndProject
Project("{9A19103F-16F7-4668-BE54-9A1E7A4F7556}") = "ParsaPoolad.Infrastructure", "ParsaPoolad.Infrastructure\ParsaPoolad.Infrastructure.csproj", "{F8F91EDC-25D2-4963-B548-7BCB9DF5BD54}"
EndProject
Project("{9A19103F-16F7-4668-BE54-9A1E7A4F7556}") = "ParsaPoolad.Persistence", "ParsaPoolad.Persistence\ParsaPoolad.Persistence.csproj", "{2C68AD14-7FD6-4A15-B694-54D385A0CD78}"
EndProject
Project("{9A19103F-16F7-4668-BE54-9A1E7A4F7556}") = "EndPoint.Web", "EndPoint.Web\EndPoint.Web.csproj", "{8C507986-0E09-423F-BA92-C1F89AFCAD84}"
EndProject
Global
	GlobalSection(SolutionConfigurationPlatforms) = preSolution
		Debug|Any CPU = Debug|Any CPU
		Release|Any CPU = Release|Any CPU
	EndGlobalSection
	GlobalSection(ProjectConfigurationPlatforms) = postSolution
		{46E41E5D-B4BE-436B-914B-60F543B3E3A2}.Debug|Any CPU.ActiveCfg = Debug|Any CPU
		{46E41E5D-B4BE-436B-914B-60F543B3E3A2}.Debug|Any CPU.Build.0 = Debug|Any CPU
		{46E41E5D-B4BE-436B-914B-60F543B3E3A2}.Release|Any CPU.ActiveCfg = Release|Any CPU
		{46E41E5D-B4BE-436B-914B-60F543B3E3A2}.Release|Any CPU.Build.0 = Release|Any CPU
		{40B29D96-0BDD-4145-A212-E7B98C1B0DB0}.Debug|Any CPU.ActiveCfg = Debug|Any CPU
		{40B29D96-0BDD-4145-A212-E7B98C1B0DB0}.Debug|Any CPU.Build.0 = Debug|Any CPU
		{40B29D96-0BDD-4145-A212-E7B98C1B0DB0}.Release|Any CPU.ActiveCfg = Release|Any CPU
		{40B29D96-0BDD-4145-A212-E7B98C1B0DB0}.Release|Any CPU.Build.0 = Release|Any CPU
		{23D77CEC-3214-4D41-BDA8-17A0DFD92769}.Debug|Any CPU.ActiveCfg = Debug|Any CPU
		{23D77CEC-3214-4D41-BDA8-17A0DFD92769}.Debug|Any CPU.Build.0 = Debug|Any CPU
		{23D77CEC-3214-4D41-BDA8-17A0DFD92769}.Release|Any CPU.ActiveCfg = Release|Any CPU
		{23D77CEC-3214-4D41-BDA8-17A0DFD92769}.Release|Any CPU.Build.0 = Release|Any CPU
		{F8F91EDC-25D2-4963-B548-7BCB9DF5BD54}.Debug|Any CPU.ActiveCfg = Debug|Any CPU
		{F8F91EDC-25D2-4963-B548-7BCB9DF5BD54}.Debug|Any CPU.Build.0 = Debug|Any CPU
		{F8F91EDC-25D2-4963-B548-7BCB9DF5BD54}.Release|Any CPU.ActiveCfg = Release|Any CPU
		{F8F91EDC-25D2-4963-B548-7BCB9DF5BD54}.Release|Any CPU.Build.0 = Release|Any CPU
		{2C68AD14-7FD6-4A15-B694-54D385A0CD78}.Debug|Any CPU.ActiveCfg = Debug|Any CPU
		{2C68AD14-7FD6-4A15-B694-54D385A0CD78}.Debug|Any CPU.Build.0 = Debug|Any CPU
		{2C68AD14-7FD6-4A15-B694-54D385A0CD78}.Release|Any CPU.ActiveCfg = Release|Any CPU
		{2C68AD14-7FD6-4A15-B694-54D385A0CD78}.Release|Any CPU.Build.0 = Release|Any CPU
		{8C507986-0E09-423F-BA92-C1F89AFCAD84}.Debug|Any CPU.ActiveCfg = Debug|Any CPU
		{8C507986-0E09-423F-BA92-C1F89AFCAD84}.Debug|Any CPU.Build.0 = Debug|Any CPU
		{8C507986-0E09-423F-BA92-C1F89AFCAD84}.Release|Any CPU.ActiveCfg = Release|Any CPU
		{8C507986-0E09-423F-BA92-C1F89AFCAD84}.Release|Any CPU.Build.0 = Release|Any CPU
	EndGlobalSection
	GlobalSection(SolutionProperties) = preSolution
		HideSolutionNode = FALSE
	EndGlobalSection
	GlobalSection(NestedProjects) = preSolution
		{F569F611-55E5-447C-B69D-543F226C5D5F} = {66C7C437-FDCA-4A96-A594-1524B7A74347}
		{5DD346D2-A979-4967-B677-C6CD0F6B766F} = {66C7C437-FDCA-4A96-A594-1524B7A74347}
		{694A7FCD-94F2-4CC7-9B59-C32C4B304842} = {66C7C437-FDCA-4A96-A594-1524B7A74347}
		{3534F289-C6A7-4844-8571-BB3C23086666} = {66C7C437-FDCA-4A96-A594-1524B7A74347}
		{46E41E5D-B4BE-436B-914B-60F543B3E3A2} = {5DD346D2-A979-4967-B677-C6CD0F6B766F}
		{40B29D96-0BDD-4145-A212-E7B98C1B0DB0} = {694A7FCD-94F2-4CC7-9B59-C32C4B304842}
		{23D77CEC-3214-4D41-BDA8-17A0DFD92769} = {694A7FCD-94F2-4CC7-9B59-C32C4B304842}
		{F8F91EDC-25D2-4963-B548-7BCB9DF5BD54} = {F569F611-55E5-447C-B69D-543F226C5D5F}
		{2C68AD14-7FD6-4A15-B694-54D385A0CD78} = {F569F611-55E5-447C-B69D-543F226C5D5F}
		{8C507986-0E09-423F-BA92-C1F89AFCAD84} = {3534F289-C6A7-4844-8571-BB3C23086666}
	EndGlobalSection
	GlobalSection(ExtensibilityGlobals) = postSolution
		SolutionGuid = {749F2783-DDD3-473F-A9B0-D9DAB224CBE3}
	EndGlobalSection
EndGlobal
